<?xml version="1.0" encoding="utf-8"?>
<Project ToolsVersion="4.0" xmlns="http://schemas.microsoft.com/developer/msbuild/2003">
  <ItemGroup>
    <Filter Include="Utilities">
      <UniqueIdentifier>{46d41671-7464-4e41-8be8-f4e0e3abfd11}</UniqueIdentifier>
    </Filter>
    <Filter Include="Geometry">
      <UniqueIdentifier>{1bf6f497-101b-4823-87db-38a79433662b}</UniqueIdentifier>
    </Filter>
    <Filter Include="Image">
      <UniqueIdentifier>{cf4ecb9e-283d-465b-914e-bd387ba6cc42}</UniqueIdentifier>
    </Filter>
    <Filter Include="Operations">
      <UniqueIdentifier>{ee203232-8dcf-41ed-8f49-d6e4a893b144}</UniqueIdentifier>
    </Filter>
    <Filter Include="Parallelism">
      <UniqueIdentifier>{b10b95ee-a753-4ef1-aac2-1a2bf204245f}</UniqueIdentifier>
    </Filter>
    <Filter Include="DataStructure">
      <UniqueIdentifier>{8d7cb90c-1ad5-4ac3-87f3-0379b8cababc}</UniqueIdentifier>
    </Filter>
    <Filter Include="Math">
      <UniqueIdentifier>{80b4f909-3ebf-4e48-92fa-01f39c5a04a4}</UniqueIdentifier>
    </Filter>
    <Filter Include="Framework">
      <UniqueIdentifier>{40af180f-395c-4872-95f3-4177e40209ed}</UniqueIdentifier>
    </Filter>
    <Filter Include="Simulation">
      <UniqueIdentifier>{b21166f7-983b-4a62-8dd9-148c029c0758}</UniqueIdentifier>
    </Filter>
    <Filter Include="Sound">
      <UniqueIdentifier>{ca388ab4-e056-4928-a6c8-9df79750d2d0}</UniqueIdentifier>
    </Filter>
    <Filter Include="Algorithm">
      <UniqueIdentifier>{58b8e844-e443-493f-af41-15efe81528e6}</UniqueIdentifier>
    </Filter>
  </ItemGroup>
  <ItemGroup>
    <ClCompile Include="Geometry\LINE_SEGMENT.cpp">
      <Filter>Geometry</Filter>
    </ClCompile>
    <ClCompile Include="Geometry\LITHOPHANE.cpp">
      <Filter>Geometry</Filter>
    </ClCompile>
    <ClCompile Include="Geometry\OBJ_FILE_READER.cpp">
      <Filter>Geometry</Filter>
    </ClCompile>
    <ClCompile Include="Geometry\PLANE.cpp">
      <Filter>Geometry</Filter>
    </ClCompile>
    <ClCompile Include="Geometry\RAY.cpp">
      <Filter>Geometry</Filter>
    </ClCompile>
    <ClCompile Include="Geometry\SHELL_OF_REVOLUTION.cpp">
      <Filter>Geometry</Filter>
    </ClCompile>
    <ClCompile Include="Geometry\SLICER.cpp">
      <Filter>Geometry</Filter>
    </ClCompile>
    <ClCompile Include="Geometry\UV_TO_XYZ.cpp">
      <Filter>Geometry</Filter>
    </ClCompile>
    <ClCompile Include="Geometry\VERTEX_OPERATIONS.cpp">
      <Filter>Geometry</Filter>
    </ClCompile>
    <ClCompile Include="Geometry\BOX_2D.cpp">
      <Filter>Geometry</Filter>
    </ClCompile>
    <ClCompile Include="Geometry\BOX_3D.cpp">
      <Filter>Geometry</Filter>
    </ClCompile>
    <ClCompile Include="Image\IMAGE_2D.cpp">
      <Filter>Image</Filter>
    </ClCompile>
    <ClCompile Include="CONVENTIONAL_MACROS.cpp" />
    <ClCompile Include="Operations\SMOOTHING_UNIFORM_2d.cpp">
      <Filter>Operations</Filter>
    </ClCompile>
    <ClCompile Include="Parallelism\MultiThreading.cpp">
      <Filter>Parallelism</Filter>
    </ClCompile>
    <ClCompile Include="DataStructure\GridAdaptive3D.cpp">
      <Filter>DataStructure</Filter>
    </ClCompile>
    <ClCompile Include="DataStructure\GridUniform2D.cpp">
      <Filter>DataStructure</Filter>
    </ClCompile>
    <ClCompile Include="DataStructure\GridUniform3D.cpp">
      <Filter>DataStructure</Filter>
    </ClCompile>
    <ClCompile Include="Geometry\ubGeometry.cpp">
      <Filter>Geometry</Filter>
    </ClCompile>
    <ClCompile Include="DataStructure\ubDataStructure.cpp">
      <Filter>DataStructure</Filter>
    </ClCompile>
    <ClCompile Include="DataStructure\VectorND.cpp">
      <Filter>DataStructure</Filter>
    </ClCompile>
    <ClCompile Include="DataStructure\CSRMatrix.cpp">
      <Filter>DataStructure</Filter>
    </ClCompile>
    <ClCompile Include="Math\Matrix2X2.cpp">
      <Filter>Math</Filter>
    </ClCompile>
    <ClCompile Include="Math\Matrix3X3.cpp">
      <Filter>Math</Filter>
    </ClCompile>
    <ClCompile Include="Math\Quaternion.cpp">
      <Filter>Math</Filter>
    </ClCompile>
    <ClCompile Include="Geometry\StaticTriangle.cpp">
      <Filter>Geometry</Filter>
    </ClCompile>
    <ClCompile Include="Geometry\StaticTriangleOperations.cpp">
      <Filter>Geometry</Filter>
    </ClCompile>
    <ClCompile Include="Geometry\StaticTriangularSurface.cpp">
      <Filter>Geometry</Filter>
    </ClCompile>
    <ClCompile Include="Utilities\RandomNumberGenerator.cpp">
      <Filter>Utilities</Filter>
    </ClCompile>
    <ClCompile Include="Utilities\Timer.cpp">
      <Filter>Utilities</Filter>
    </ClCompile>
    <ClCompile Include="Utilities\ScriptParameterList.cpp">
      <Filter>Utilities</Filter>
    </ClCompile>
    <ClCompile Include="Utilities\ScriptBlock.cpp">
      <Filter>Utilities</Filter>
    </ClCompile>
    <ClCompile Include="Utilities\ScriptReader.cpp">
      <Filter>Utilities</Filter>
    </ClCompile>
    <ClCompile Include="Utilities\ScriptUtility.cpp">
      <Filter>Utilities</Filter>
    </ClCompile>
    <ClCompile Include="Geometry\LevelsetUniform2D.cpp">
      <Filter>Geometry</Filter>
    </ClCompile>
    <ClCompile Include="Geometry\MarchingCubesAlgorithm.cpp">
      <Filter>Geometry</Filter>
    </ClCompile>
    <ClCompile Include="Geometry\DynamicEdge.cpp">
      <Filter>Geometry</Filter>
    </ClCompile>
    <ClCompile Include="Geometry\DynamicHole.cpp">
      <Filter>Geometry</Filter>
    </ClCompile>
    <ClCompile Include="Geometry\DynamicParticles.cpp">
      <Filter>Geometry</Filter>
    </ClCompile>
    <ClCompile Include="Geometry\DynamicTriangle.cpp">
      <Filter>Geometry</Filter>
    </ClCompile>
    <ClCompile Include="Geometry\DynamicTriangularSurface.cpp">
      <Filter>Geometry</Filter>
    </ClCompile>
    <ClCompile Include="Geometry\DynamicVertex.cpp">
      <Filter>Geometry</Filter>
    </ClCompile>
    <ClCompile Include="Framework\Object.cpp">
      <Filter>Framework</Filter>
    </ClCompile>
    <ClCompile Include="Framework\TaskManager.cpp">
      <Filter>Framework</Filter>
    </ClCompile>
    <ClCompile Include="Framework\World.cpp">
      <Filter>Framework</Filter>
    </ClCompile>
    <ClCompile Include="Framework\DataDepot.cpp">
      <Filter>Framework</Filter>
    </ClCompile>
    <ClCompile Include="Simulation\ParticleDataPV3D.cpp">
      <Filter>Simulation</Filter>
    </ClCompile>
    <ClCompile Include="Simulation\SortedParticlesUniform3D.cpp">
      <Filter>Simulation</Filter>
    </ClCompile>
    <ClCompile Include="Simulation\FluidSimulation.cpp">
      <Filter>Simulation</Filter>
    </ClCompile>
    <ClCompile Include="Simulation\VolumeEditor.cpp">
      <Filter>Simulation</Filter>
    </ClCompile>
    <ClCompile Include="Simulation\LevelsetEditor2D.cpp">
      <Filter>Simulation</Filter>
    </ClCompile>
    <ClCompile Include="Geometry\Sphere2D.cpp">
      <Filter>Geometry</Filter>
    </ClCompile>
    <ClCompile Include="Geometry\Sphere3D.cpp">
      <Filter>Geometry</Filter>
    </ClCompile>
    <ClCompile Include="Simulation\CookieCutterMaker.cpp">
      <Filter>Simulation</Filter>
    </ClCompile>
    <ClCompile Include="DataStructure\ArrayTools.cpp">
      <Filter>DataStructure</Filter>
    </ClCompile>
    <ClCompile Include="Geometry\DynamicContour2D.cpp">
      <Filter>Geometry</Filter>
    </ClCompile>
    <ClCompile Include="Geometry\MarchingTriangles.cpp">
      <Filter>Geometry</Filter>
    </ClCompile>
    <ClCompile Include="Geometry\Triangle2D.cpp">
      <Filter>Geometry</Filter>
    </ClCompile>
    <ClCompile Include="Geometry\Quadrilateral2D.cpp">
      <Filter>Geometry</Filter>
    </ClCompile>
    <ClCompile Include="Geometry\LineSegment2D.cpp">
      <Filter>Geometry</Filter>
    </ClCompile>
    <ClCompile Include="Simulation\ShrinkWrappingExample2D.cpp">
      <Filter>Simulation</Filter>
    </ClCompile>
    <ClCompile Include="Simulation\SmokeSimulation2D.cpp">
      <Filter>Simulation</Filter>
    </ClCompile>
    <ClCompile Include="Simulation\Photo2_5D.cpp">
      <Filter>Simulation</Filter>
    </ClCompile>
    <ClCompile Include="Geometry\intersection.cpp">
      <Filter>Geometry</Filter>
    </ClCompile>
    <ClCompile Include="Math\MovingLeastSquares.cpp">
      <Filter>Math</Filter>
    </ClCompile>
    <ClCompile Include="Simulation\LithophaneMaker.cpp">
      <Filter>Simulation</Filter>
    </ClCompile>
    <ClCompile Include="Math\MovingLeastSquares2D.cpp">
      <Filter>Math</Filter>
    </ClCompile>
    <ClCompile Include="Math\MLSLineConstraint2D.cpp">
      <Filter>Math</Filter>
    </ClCompile>
    <ClCompile Include="Math\MLSPointConstraint2D.cpp">
      <Filter>Math</Filter>
    </ClCompile>
    <ClCompile Include="DataStructure\GridUniform1D.cpp">
      <Filter>DataStructure</Filter>
    </ClCompile>
    <ClCompile Include="DataStructure\NonlinearMapping1D.cpp">
      <Filter>DataStructure</Filter>
    </ClCompile>
    <ClCompile Include="Sound\Fourier.cpp">
      <Filter>Sound</Filter>
    </ClCompile>
    <ClCompile Include="Sound\Recorder.cpp">
      <Filter>Sound</Filter>
    </ClCompile>
    <ClCompile Include="Simulation\SoundTo3D.cpp">
      <Filter>Simulation</Filter>
    </ClCompile>
    <ClCompile Include="Algorithm\MergeSort.cpp">
      <Filter>Algorithm</Filter>
    </ClCompile>
  </ItemGroup>
  <ItemGroup>
    <ClInclude Include="Geometry\LINE_SEGMENT.h">
      <Filter>Geometry</Filter>
    </ClInclude>
    <ClInclude Include="Geometry\LITHOPHANE.h">
      <Filter>Geometry</Filter>
    </ClInclude>
    <ClInclude Include="Geometry\OBJ_FILE_READER.h">
      <Filter>Geometry</Filter>
    </ClInclude>
    <ClInclude Include="Geometry\PARAMETRIC_CURVE_SEGMENT.h">
      <Filter>Geometry</Filter>
    </ClInclude>
    <ClInclude Include="Geometry\PLANE.h">
      <Filter>Geometry</Filter>
    </ClInclude>
    <ClInclude Include="Geometry\RAY.h">
      <Filter>Geometry</Filter>
    </ClInclude>
    <ClInclude Include="Geometry\SHELL_OF_REVOLUTION.h">
      <Filter>Geometry</Filter>
    </ClInclude>
    <ClInclude Include="Geometry\SLICER.h">
      <Filter>Geometry</Filter>
    </ClInclude>
    <ClInclude Include="Geometry\UV_TO_XYZ.h">
      <Filter>Geometry</Filter>
    </ClInclude>
    <ClInclude Include="Geometry\VERTEX_OPERATIONS.h">
      <Filter>Geometry</Filter>
    </ClInclude>
    <ClInclude Include="Geometry\BOX_2D.h">
      <Filter>Geometry</Filter>
    </ClInclude>
    <ClInclude Include="Geometry\BOX_3D.h">
      <Filter>Geometry</Filter>
    </ClInclude>
    <ClInclude Include="Geometry\CUBIC_POLYNOMIAL.h">
      <Filter>Geometry</Filter>
    </ClInclude>
    <ClInclude Include="Image\BMP_RGB.h">
      <Filter>Image</Filter>
    </ClInclude>
    <ClInclude Include="Image\IMAGE_2D.h">
      <Filter>Image</Filter>
    </ClInclude>
    <ClInclude Include="GENERIC_DEFINITIONS.h" />
    <ClInclude Include="CONVENTIONAL_MACROS.h" />
    <ClInclude Include="Operations\SMOOTHING_UNIFORM_2D.h">
      <Filter>Operations</Filter>
    </ClInclude>
    <ClInclude Include="Geometry\ParametricCurve.h">
      <Filter>Geometry</Filter>
    </ClInclude>
    <ClInclude Include="Parallelism\MultiThreading.h">
      <Filter>Parallelism</Filter>
    </ClInclude>
    <ClInclude Include="DataStructure\Array1D.h">
      <Filter>DataStructure</Filter>
    </ClInclude>
    <ClInclude Include="DataStructure\Array2D.h">
      <Filter>DataStructure</Filter>
    </ClInclude>
    <ClInclude Include="DataStructure\Array3D.h">
      <Filter>DataStructure</Filter>
    </ClInclude>
    <ClInclude Include="DataStructure\DynamicArray.h">
      <Filter>DataStructure</Filter>
    </ClInclude>
    <ClInclude Include="DataStructure\GridAdaptive3D.h">
      <Filter>DataStructure</Filter>
    </ClInclude>
    <ClInclude Include="DataStructure\GridUniform2D.h">
      <Filter>DataStructure</Filter>
    </ClInclude>
    <ClInclude Include="DataStructure\GridUniform3D.h">
      <Filter>DataStructure</Filter>
    </ClInclude>
    <ClInclude Include="DataStructure\LinkedArray.h">
      <Filter>DataStructure</Filter>
    </ClInclude>
    <ClInclude Include="DataStructure\LinkedArrayBlock.h">
      <Filter>DataStructure</Filter>
    </ClInclude>
    <ClInclude Include="DataStructure\SinglyLinkedList.h">
      <Filter>DataStructure</Filter>
    </ClInclude>
    <ClInclude Include="DataStructure\Vector2D.h">
      <Filter>DataStructure</Filter>
    </ClInclude>
    <ClInclude Include="DataStructure\Vector3D.h">
      <Filter>DataStructure</Filter>
    </ClInclude>
    <ClInclude Include="DataStructure\Vector4D.h">
      <Filter>DataStructure</Filter>
    </ClInclude>
    <ClInclude Include="DataStructure\VectorND.h">
      <Filter>DataStructure</Filter>
    </ClInclude>
    <ClInclude Include="DataStructure\CSRMatrix.h">
      <Filter>DataStructure</Filter>
    </ClInclude>
    <ClInclude Include="Math\Matrix2X2.h">
      <Filter>Math</Filter>
    </ClInclude>
    <ClInclude Include="Math\Matrix3X3.h">
      <Filter>Math</Filter>
    </ClInclude>
    <ClInclude Include="Math\MatrixMXN.h">
      <Filter>Math</Filter>
    </ClInclude>
    <ClInclude Include="Math\MatrixNXN.h">
      <Filter>Math</Filter>
    </ClInclude>
    <ClInclude Include="Math\Quaternion.h">
      <Filter>Math</Filter>
    </ClInclude>
    <ClInclude Include="Geometry\StaticTriangle.h">
      <Filter>Geometry</Filter>
    </ClInclude>
    <ClInclude Include="Geometry\StaticTriangleOperations.h">
      <Filter>Geometry</Filter>
    </ClInclude>
    <ClInclude Include="Geometry\StaticTriangularSurface.h">
      <Filter>Geometry</Filter>
    </ClInclude>
    <ClInclude Include="Utilities\RandomNumberGenerator.h">
      <Filter>Utilities</Filter>
    </ClInclude>
    <ClInclude Include="Utilities\ScriptParameter.h">
      <Filter>Utilities</Filter>
    </ClInclude>
    <ClInclude Include="Utilities\Timer.h">
      <Filter>Utilities</Filter>
    </ClInclude>
    <ClInclude Include="Utilities\ScriptParameterList.h">
      <Filter>Utilities</Filter>
    </ClInclude>
    <ClInclude Include="Utilities\ScriptBlock.h">
      <Filter>Utilities</Filter>
    </ClInclude>
    <ClInclude Include="Utilities\ScriptReader.h">
      <Filter>Utilities</Filter>
    </ClInclude>
    <ClInclude Include="Utilities\ScriptUtility.h">
      <Filter>Utilities</Filter>
    </ClInclude>
    <ClInclude Include="Geometry\LevelsetUniform2D.h">
      <Filter>Geometry</Filter>
    </ClInclude>
    <ClInclude Include="Geometry\MarchingCubesAlgorithm.h">
      <Filter>Geometry</Filter>
    </ClInclude>
    <ClInclude Include="Geometry\MarchingCubesAlgorithmTables.h">
      <Filter>Geometry</Filter>
    </ClInclude>
    <ClInclude Include="Geometry\DynamicEdge.h">
      <Filter>Geometry</Filter>
    </ClInclude>
    <ClInclude Include="Geometry\DynamicHole.h">
      <Filter>Geometry</Filter>
    </ClInclude>
    <ClInclude Include="Geometry\DynamicParticles.h">
      <Filter>Geometry</Filter>
    </ClInclude>
    <ClInclude Include="Geometry\DynamicTriangle.h">
      <Filter>Geometry</Filter>
    </ClInclude>
    <ClInclude Include="Geometry\DynamicTriangularSurface.h">
      <Filter>Geometry</Filter>
    </ClInclude>
    <ClInclude Include="Geometry\DynamicVertex.h">
      <Filter>Geometry</Filter>
    </ClInclude>
    <ClInclude Include="Framework\Object.h">
      <Filter>Framework</Filter>
    </ClInclude>
    <ClInclude Include="Framework\TaskManager.h">
      <Filter>Framework</Filter>
    </ClInclude>
    <ClInclude Include="Framework\World.h">
      <Filter>Framework</Filter>
    </ClInclude>
    <ClInclude Include="Simulation\ParticleDataPV3D.h">
      <Filter>Simulation</Filter>
    </ClInclude>
    <ClInclude Include="Simulation\SortedParticlesUniform3D.h">
      <Filter>Simulation</Filter>
    </ClInclude>
    <ClInclude Include="Simulation\FluidSimulation.h">
      <Filter>Simulation</Filter>
    </ClInclude>
    <ClInclude Include="Simulation\VolumeEditor.h">
      <Filter>Simulation</Filter>
    </ClInclude>
    <ClInclude Include="Simulation\LevelsetEditor2D.h">
      <Filter>Simulation</Filter>
    </ClInclude>
    <ClInclude Include="Geometry\Sphere2D.h">
      <Filter>Geometry</Filter>
    </ClInclude>
    <ClInclude Include="Geometry\Sphere3D.h">
      <Filter>Geometry</Filter>
    </ClInclude>
    <ClInclude Include="Simulation\CookieCutterMaker.h">
      <Filter>Simulation</Filter>
    </ClInclude>
    <ClInclude Include="DataStructure\ArrayTools.h">
      <Filter>DataStructure</Filter>
    </ClInclude>
    <ClInclude Include="Geometry\DynamicContour2D.h">
      <Filter>Geometry</Filter>
    </ClInclude>
    <ClInclude Include="Geometry\MarchingTriangles.h">
      <Filter>Geometry</Filter>
    </ClInclude>
    <ClInclude Include="Geometry\Triangle2D.h">
      <Filter>Geometry</Filter>
    </ClInclude>
    <ClInclude Include="Geometry\Quadrilateral2D.h">
      <Filter>Geometry</Filter>
    </ClInclude>
    <ClInclude Include="Geometry\LineSegment2D.h">
      <Filter>Geometry</Filter>
    </ClInclude>
    <ClInclude Include="Geometry\LineSegmentUV3D.h">
      <Filter>Geometry</Filter>
    </ClInclude>
    <ClInclude Include="Simulation\ShrinkWrappingExample2D.h">
      <Filter>Simulation</Filter>
    </ClInclude>
    <ClInclude Include="Simulation\SmokeSimulation2D.h">
      <Filter>Simulation</Filter>
    </ClInclude>
    <ClInclude Include="Simulation\Photo2_5D.h">
      <Filter>Simulation</Filter>
    </ClInclude>
    <ClInclude Include="Geometry\Intersection.h">
      <Filter>Geometry</Filter>
    </ClInclude>
    <ClInclude Include="Math\MovingLeastSquares.h">
      <Filter>Math</Filter>
    </ClInclude>
    <ClInclude Include="Framework\DataDepot.h">
      <Filter>Framework</Filter>
    </ClInclude>
    <ClInclude Include="Simulation\LithophaneMaker.h">
      <Filter>Simulation</Filter>
    </ClInclude>
    <ClInclude Include="Math\MovingLeastSquares2D.h">
      <Filter>Math</Filter>
    </ClInclude>
    <ClInclude Include="Math\MLSLineConstraint2D.h">
      <Filter>Math</Filter>
    </ClInclude>
    <ClInclude Include="Math\MLSPointConstraint2D.h">
      <Filter>Math</Filter>
    </ClInclude>
    <ClInclude Include="DataStructure\GridUniform1D.h">
      <Filter>DataStructure</Filter>
    </ClInclude>
    <ClInclude Include="DataStructure\NonlinearMapping1D.h">
      <Filter>DataStructure</Filter>
    </ClInclude>
    <ClInclude Include="Sound\Fourier.h">
      <Filter>Sound</Filter>
    </ClInclude>
    <ClInclude Include="Sound\Recorder.h">
      <Filter>Sound</Filter>
    </ClInclude>
    <ClInclude Include="Simulation\SoundTo3D.h">
      <Filter>Simulation</Filter>
    </ClInclude>
    <ClInclude Include="Algorithm\MergeSort.h">
      <Filter>Algorithm</Filter>
    </ClInclude>
  </ItemGroup>
</Project>